
Microsoft Visual Studio Solution File, Format Version 11.00
# Visual Studio 2010
Project("{FAE04EC0-301F-11D3-BF4B-00C04F79EFBC}") = "DungeonCrawler", "DungeonCrawler\DungeonCrawler\DungeonCrawler.csproj", "{F692F1C6-14DE-4880-B6B7-CFA4A22C792A}"
	ProjectSection(ProjectDependencies) = postProject
		{D7699F50-B82D-4612-A8DC-52CF0FDA2813} = {D7699F50-B82D-4612-A8DC-52CF0FDA2813}
		{F8623AB2-ED4F-462D-A764-5550925BC318} = {F8623AB2-ED4F-462D-A764-5550925BC318}
	EndProjectSection
EndProject
Project("{FAE04EC0-301F-11D3-BF4B-00C04F79EFBC}") = "DungeonCrawlerContent", "DungeonCrawler\DungeonCrawlerContent\DungeonCrawlerContent.contentproj", "{156055EA-4F17-444E-8C7D-1A7E80885D30}"
EndProject
Project("{2150E333-8FDC-42A3-9474-1A3956D46DE8}") = "Solution Items", "Solution Items", "{382F53DD-0649-4DA7-A20F-046AA64866F3}"
EndProject
Project("{FAE04EC0-301F-11D3-BF4B-00C04F79EFBC}") = "DungeonCrawlerWindowsLibrary", "DungeonCrawlerWindowsLibrary\DungeonCrawlerWindowsLibrary.csproj", "{D7699F50-B82D-4612-A8DC-52CF0FDA2813}"
EndProject
Project("{FAE04EC0-301F-11D3-BF4B-00C04F79EFBC}") = "DungeonCrawlerXboxLibrary", "DungeonCrawlerXboxLibrary\DungeonCrawlerXboxLibrary.csproj", "{9588FBCE-7501-4863-9718-C606C81C6D6A}"
EndProject
Project("{FAE04EC0-301F-11D3-BF4B-00C04F79EFBC}") = "DungeonCrawlerContentPipeline", "DungeonCrawlerContentPipeline\DungeonCrawlerContentPipeline.csproj", "{F8623AB2-ED4F-462D-A764-5550925BC318}"
	ProjectSection(ProjectDependencies) = postProject
		{D7699F50-B82D-4612-A8DC-52CF0FDA2813} = {D7699F50-B82D-4612-A8DC-52CF0FDA2813}
		{9588FBCE-7501-4863-9718-C606C81C6D6A} = {9588FBCE-7501-4863-9718-C606C81C6D6A}
	EndProjectSection
EndProject
Global
	GlobalSection(SolutionConfigurationPlatforms) = preSolution
		Debug|Mixed Platforms = Debug|Mixed Platforms
		Debug|x86 = Debug|x86
		Debug|Xbox 360 = Debug|Xbox 360
		Release|Mixed Platforms = Release|Mixed Platforms
		Release|x86 = Release|x86
		Release|Xbox 360 = Release|Xbox 360
		Windows|Mixed Platforms = Windows|Mixed Platforms
		Windows|x86 = Windows|x86
		Windows|Xbox 360 = Windows|Xbox 360
		Xbox|Mixed Platforms = Xbox|Mixed Platforms
		Xbox|x86 = Xbox|x86
		Xbox|Xbox 360 = Xbox|Xbox 360
	EndGlobalSection
	GlobalSection(ProjectConfigurationPlatforms) = postSolution
		{F692F1C6-14DE-4880-B6B7-CFA4A22C792A}.Debug|Mixed Platforms.ActiveCfg = Debug|x86
		{F692F1C6-14DE-4880-B6B7-CFA4A22C792A}.Debug|Mixed Platforms.Build.0 = Debug|x86
		{F692F1C6-14DE-4880-B6B7-CFA4A22C792A}.Debug|x86.ActiveCfg = Debug|x86
		{F692F1C6-14DE-4880-B6B7-CFA4A22C792A}.Debug|x86.Build.0 = Debug|x86
		{F692F1C6-14DE-4880-B6B7-CFA4A22C792A}.Debug|Xbox 360.ActiveCfg = Debug|x86
		{F692F1C6-14DE-4880-B6B7-CFA4A22C792A}.Debug|Xbox 360.Build.0 = Debug|x86
		{F692F1C6-14DE-4880-B6B7-CFA4A22C792A}.Release|Mixed Platforms.ActiveCfg = Release|x86
		{F692F1C6-14DE-4880-B6B7-CFA4A22C792A}.Release|Mixed Platforms.Build.0 = Release|x86
		{F692F1C6-14DE-4880-B6B7-CFA4A22C792A}.Release|x86.ActiveCfg = Release|x86
		{F692F1C6-14DE-4880-B6B7-CFA4A22C792A}.Release|x86.Build.0 = Release|x86
		{F692F1C6-14DE-4880-B6B7-CFA4A22C792A}.Release|Xbox 360.ActiveCfg = Release|x86
		{F692F1C6-14DE-4880-B6B7-CFA4A22C792A}.Release|Xbox 360.Build.0 = Release|x86
		{F692F1C6-14DE-4880-B6B7-CFA4A22C792A}.Windows|Mixed Platforms.ActiveCfg = Windows|x86
		{F692F1C6-14DE-4880-B6B7-CFA4A22C792A}.Windows|Mixed Platforms.Build.0 = Windows|x86
		{F692F1C6-14DE-4880-B6B7-CFA4A22C792A}.Windows|x86.ActiveCfg = Windows|x86
		{F692F1C6-14DE-4880-B6B7-CFA4A22C792A}.Windows|x86.Build.0 = Windows|x86
		{F692F1C6-14DE-4880-B6B7-CFA4A22C792A}.Windows|Xbox 360.ActiveCfg = Windows|x86
		{F692F1C6-14DE-4880-B6B7-CFA4A22C792A}.Xbox|Mixed Platforms.ActiveCfg = Xbox|x86
		{F692F1C6-14DE-4880-B6B7-CFA4A22C792A}.Xbox|Mixed Platforms.Build.0 = Xbox|x86
		{F692F1C6-14DE-4880-B6B7-CFA4A22C792A}.Xbox|x86.ActiveCfg = Xbox|x86
		{F692F1C6-14DE-4880-B6B7-CFA4A22C792A}.Xbox|x86.Build.0 = Xbox|x86
		{F692F1C6-14DE-4880-B6B7-CFA4A22C792A}.Xbox|Xbox 360.ActiveCfg = Xbox|x86
		{F692F1C6-14DE-4880-B6B7-CFA4A22C792A}.Xbox|Xbox 360.Build.0 = Xbox|x86
		{156055EA-4F17-444E-8C7D-1A7E80885D30}.Debug|Mixed Platforms.ActiveCfg = Debug|x86
		{156055EA-4F17-444E-8C7D-1A7E80885D30}.Debug|x86.ActiveCfg = Debug|x86
		{156055EA-4F17-444E-8C7D-1A7E80885D30}.Debug|Xbox 360.ActiveCfg = Debug|x86
		{156055EA-4F17-444E-8C7D-1A7E80885D30}.Release|Mixed Platforms.ActiveCfg = Release|x86
		{156055EA-4F17-444E-8C7D-1A7E80885D30}.Release|x86.ActiveCfg = Release|x86
		{156055EA-4F17-444E-8C7D-1A7E80885D30}.Release|Xbox 360.ActiveCfg = Release|x86
		{156055EA-4F17-444E-8C7D-1A7E80885D30}.Windows|Mixed Platforms.ActiveCfg = Release|x86
		{156055EA-4F17-444E-8C7D-1A7E80885D30}.Windows|Mixed Platforms.Build.0 = Release|x86
		{156055EA-4F17-444E-8C7D-1A7E80885D30}.Windows|x86.ActiveCfg = Release|x86
		{156055EA-4F17-444E-8C7D-1A7E80885D30}.Windows|x86.Build.0 = Release|x86
		{156055EA-4F17-444E-8C7D-1A7E80885D30}.Windows|Xbox 360.ActiveCfg = Release|x86
		{156055EA-4F17-444E-8C7D-1A7E80885D30}.Xbox|Mixed Platforms.ActiveCfg = Release|x86
		{156055EA-4F17-444E-8C7D-1A7E80885D30}.Xbox|x86.ActiveCfg = Release|x86
		{156055EA-4F17-444E-8C7D-1A7E80885D30}.Xbox|Xbox 360.ActiveCfg = Release|x86
		{156055EA-4F17-444E-8C7D-1A7E80885D30}.Xbox|Xbox 360.Build.0 = Release|x86
		{D7699F50-B82D-4612-A8DC-52CF0FDA2813}.Debug|Mixed Platforms.ActiveCfg = Debug|x86
		{D7699F50-B82D-4612-A8DC-52CF0FDA2813}.Debug|Mixed Platforms.Build.0 = Debug|x86
		{D7699F50-B82D-4612-A8DC-52CF0FDA2813}.Debug|x86.ActiveCfg = Debug|x86
		{D7699F50-B82D-4612-A8DC-52CF0FDA2813}.Debug|x86.Build.0 = Debug|x86
		{D7699F50-B82D-4612-A8DC-52CF0FDA2813}.Debug|Xbox 360.ActiveCfg = Debug|x86
		{D7699F50-B82D-4612-A8DC-52CF0FDA2813}.Debug|Xbox 360.Build.0 = Debug|x86
		{D7699F50-B82D-4612-A8DC-52CF0FDA2813}.Release|Mixed Platforms.ActiveCfg = Release|x86
		{D7699F50-B82D-4612-A8DC-52CF0FDA2813}.Release|Mixed Platforms.Build.0 = Release|x86
		{D7699F50-B82D-4612-A8DC-52CF0FDA2813}.Release|x86.ActiveCfg = Release|x86
		{D7699F50-B82D-4612-A8DC-52CF0FDA2813}.Release|x86.Build.0 = Release|x86
		{D7699F50-B82D-4612-A8DC-52CF0FDA2813}.Release|Xbox 360.ActiveCfg = Release|x86
		{D7699F50-B82D-4612-A8DC-52CF0FDA2813}.Release|Xbox 360.Build.0 = Release|x86
		{D7699F50-B82D-4612-A8DC-52CF0FDA2813}.Windows|Mixed Platforms.ActiveCfg = Windows|x86
		{D7699F50-B82D-4612-A8DC-52CF0FDA2813}.Windows|Mixed Platforms.Build.0 = Windows|x86
		{D7699F50-B82D-4612-A8DC-52CF0FDA2813}.Windows|x86.ActiveCfg = Windows|x86
		{D7699F50-B82D-4612-A8DC-52CF0FDA2813}.Windows|x86.Build.0 = Windows|x86
		{D7699F50-B82D-4612-A8DC-52CF0FDA2813}.Windows|Xbox 360.ActiveCfg = Windows|x86
		{D7699F50-B82D-4612-A8DC-52CF0FDA2813}.Xbox|Mixed Platforms.ActiveCfg = Xbox|x86
		{D7699F50-B82D-4612-A8DC-52CF0FDA2813}.Xbox|Mixed Platforms.Build.0 = Xbox|x86
		{D7699F50-B82D-4612-A8DC-52CF0FDA2813}.Xbox|x86.ActiveCfg = Xbox|x86
		{D7699F50-B82D-4612-A8DC-52CF0FDA2813}.Xbox|Xbox 360.ActiveCfg = Xbox|x86
		{9588FBCE-7501-4863-9718-C606C81C6D6A}.Debug|Mixed Platforms.ActiveCfg = Debug|Xbox 360
		{9588FBCE-7501-4863-9718-C606C81C6D6A}.Debug|Mixed Platforms.Build.0 = Debug|Xbox 360
		{9588FBCE-7501-4863-9718-C606C81C6D6A}.Debug|x86.ActiveCfg = Debug|Xbox 360
		{9588FBCE-7501-4863-9718-C606C81C6D6A}.Debug|Xbox 360.ActiveCfg = Debug|Xbox 360
		{9588FBCE-7501-4863-9718-C606C81C6D6A}.Debug|Xbox 360.Build.0 = Debug|Xbox 360
		{9588FBCE-7501-4863-9718-C606C81C6D6A}.Release|Mixed Platforms.ActiveCfg = Release|Xbox 360
		{9588FBCE-7501-4863-9718-C606C81C6D6A}.Release|Mixed Platforms.Build.0 = Release|Xbox 360
		{9588FBCE-7501-4863-9718-C606C81C6D6A}.Release|x86.ActiveCfg = Release|Xbox 360
		{9588FBCE-7501-4863-9718-C606C81C6D6A}.Release|Xbox 360.ActiveCfg = Release|Xbox 360
		{9588FBCE-7501-4863-9718-C606C81C6D6A}.Release|Xbox 360.Build.0 = Release|Xbox 360
		{9588FBCE-7501-4863-9718-C606C81C6D6A}.Windows|Mixed Platforms.ActiveCfg = Windows|Xbox 360
		{9588FBCE-7501-4863-9718-C606C81C6D6A}.Windows|x86.ActiveCfg = Windows|Xbox 360
		{9588FBCE-7501-4863-9718-C606C81C6D6A}.Windows|Xbox 360.ActiveCfg = Windows|Xbox 360
		{9588FBCE-7501-4863-9718-C606C81C6D6A}.Windows|Xbox 360.Build.0 = Windows|Xbox 360
		{9588FBCE-7501-4863-9718-C606C81C6D6A}.Xbox|Mixed Platforms.ActiveCfg = Xbox|Xbox 360
		{9588FBCE-7501-4863-9718-C606C81C6D6A}.Xbox|Mixed Platforms.Build.0 = Xbox|Xbox 360
		{9588FBCE-7501-4863-9718-C606C81C6D6A}.Xbox|x86.ActiveCfg = Xbox|Xbox 360
		{9588FBCE-7501-4863-9718-C606C81C6D6A}.Xbox|x86.Build.0 = Xbox|Xbox 360
		{9588FBCE-7501-4863-9718-C606C81C6D6A}.Xbox|Xbox 360.ActiveCfg = Xbox|Xbox 360
		{9588FBCE-7501-4863-9718-C606C81C6D6A}.Xbox|Xbox 360.Build.0 = Xbox|Xbox 360
		{F8623AB2-ED4F-462D-A764-5550925BC318}.Debug|Mixed Platforms.ActiveCfg = Debug|x86
		{F8623AB2-ED4F-462D-A764-5550925BC318}.Debug|Mixed Platforms.Build.0 = Debug|x86
		{F8623AB2-ED4F-462D-A764-5550925BC318}.Debug|x86.ActiveCfg = Debug|x86
		{F8623AB2-ED4F-462D-A764-5550925BC318}.Debug|x86.Build.0 = Debug|x86
		{F8623AB2-ED4F-462D-A764-5550925BC318}.Debug|Xbox 360.ActiveCfg = Debug|x86
		{F8623AB2-ED4F-462D-A764-5550925BC318}.Debug|Xbox 360.Build.0 = Debug|x86
		{F8623AB2-ED4F-462D-A764-5550925BC318}.Release|Mixed Platforms.ActiveCfg = Debug|x86
		{F8623AB2-ED4F-462D-A764-5550925BC318}.Release|Mixed Platforms.Build.0 = Debug|x86
		{F8623AB2-ED4F-462D-A764-5550925BC318}.Release|x86.ActiveCfg = Debug|x86
		{F8623AB2-ED4F-462D-A764-5550925BC318}.Release|x86.Build.0 = Debug|x86
		{F8623AB2-ED4F-462D-A764-5550925BC318}.Release|Xbox 360.ActiveCfg = Debug|x86
		{F8623AB2-ED4F-462D-A764-5550925BC318}.Release|Xbox 360.Build.0 = Debug|x86
		{F8623AB2-ED4F-462D-A764-5550925BC318}.Windows|Mixed Platforms.ActiveCfg = Windows|x86
		{F8623AB2-ED4F-462D-A764-5550925BC318}.Windows|Mixed Platforms.Build.0 = Windows|x86
		{F8623AB2-ED4F-462D-A764-5550925BC318}.Windows|x86.ActiveCfg = Windows|x86
		{F8623AB2-ED4F-462D-A764-5550925BC318}.Windows|x86.Build.0 = Windows|x86
		{F8623AB2-ED4F-462D-A764-5550925BC318}.Windows|Xbox 360.ActiveCfg = Windows|x86
		{F8623AB2-ED4F-462D-A764-5550925BC318}.Xbox|Mixed Platforms.ActiveCfg = Xbox|x86
		{F8623AB2-ED4F-462D-A764-5550925BC318}.Xbox|Mixed Platforms.Build.0 = Xbox|x86
		{F8623AB2-ED4F-462D-A764-5550925BC318}.Xbox|x86.ActiveCfg = Xbox|x86
		{F8623AB2-ED4F-462D-A764-5550925BC318}.Xbox|x86.Build.0 = Xbox|x86
		{F8623AB2-ED4F-462D-A764-5550925BC318}.Xbox|Xbox 360.ActiveCfg = Xbox|x86
		{F8623AB2-ED4F-462D-A764-5550925BC318}.Xbox|Xbox 360.Build.0 = Xbox|x86
	EndGlobalSection
	GlobalSection(SolutionProperties) = preSolution
		HideSolutionNode = FALSE
	EndGlobalSection
EndGlobal
